
Microsoft Visual Studio Solution File, Format Version 12.00
# Visual Studio Version 17
VisualStudioVersion = 17.0.31903.59
MinimumVisualStudioVersion = 10.0.40219.1
Project("{FAE04EC0-301F-11D3-BF4B-00C04F79EFBC}") = "SlowRoad", "SlowRoad\SlowRoad.csproj", "{F141DD4E-CE6C-4EE0-A85E-4E12688360A0}"
EndProject
Project("{FAE04EC0-301F-11D3-BF4B-00C04F79EFBC}") = "SlowRoad.Tests", "SlowRoad.Tests\SlowRoad.Tests.csproj", "{C0B15471-1403-4B06-AC69-3DFC730B4FAC}"
EndProject
Global
	GlobalSection(SolutionConfigurationPlatforms) = preSolution
		Debug|Any CPU = Debug|Any CPU
		Release|Any CPU = Release|Any CPU
	EndGlobalSection
	GlobalSection(SolutionProperties) = preSolution
		HideSolutionNode = FALSE
	EndGlobalSection
	GlobalSection(ProjectConfigurationPlatforms) = postSolution
		{F141DD4E-CE6C-4EE0-A85E-4E12688360A0}.Debug|Any CPU.ActiveCfg = Debug|Any CPU
		{F141DD4E-CE6C-4EE0-A85E-4E12688360A0}.Debug|Any CPU.Build.0 = Debug|Any CPU
		{F141DD4E-CE6C-4EE0-A85E-4E12688360A0}.Release|Any CPU.ActiveCfg = Release|Any CPU
		{F141DD4E-CE6C-4EE0-A85E-4E12688360A0}.Release|Any CPU.Build.0 = Release|Any CPU
		{C0B15471-1403-4B06-AC69-3DFC730B4FAC}.Debug|Any CPU.ActiveCfg = Debug|Any CPU
		{C0B15471-1403-4B06-AC69-3DFC730B4FAC}.Debug|Any CPU.Build.0 = Debug|Any CPU
		{C0B15471-1403-4B06-AC69-3DFC730B4FAC}.Release|Any CPU.ActiveCfg = Release|Any CPU
		{C0B15471-1403-4B06-AC69-3DFC730B4FAC}.Release|Any CPU.Build.0 = Release|Any CPU
	EndGlobalSection
EndGlobal
